// !$*UTF8*$!
{
	archiveVersion = 1;
	classes = {
	};
	objectVersion = 70;
	objects = {

/* Begin PBXBuildFile section */
		60DE58A71EE0826C0008A419 /* AppDelegate.swift in Sources */ = {isa = PBXBuildFile; fileRef = 60DE58A61EE0826C0008A419 /* AppDelegate.swift */; };
		60DE58A91EE0826C0008A419 /* ViewController.swift in Sources */ = {isa = PBXBuildFile; fileRef = 60DE58A81EE0826C0008A419 /* ViewController.swift */; };
		60DE58AC1EE0826C0008A419 /* Main.storyboard in Resources */ = {isa = PBXBuildFile; fileRef = 60DE58AA1EE0826C0008A419 /* Main.storyboard */; };
		60DE58AE1EE0826C0008A419 /* Assets.xcassets in Resources */ = {isa = PBXBuildFile; fileRef = 60DE58AD1EE0826C0008A419 /* Assets.xcassets */; };
		60DE58B11EE0826C0008A419 /* LaunchScreen.storyboard in Resources */ = {isa = PBXBuildFile; fileRef = 60DE58AF1EE0826C0008A419 /* LaunchScreen.storyboard */; };
		60DE58BC1EE0826C0008A419 /* _instagramTests.swift in Sources */ = {isa = PBXBuildFile; fileRef = 60DE58BB1EE0826C0008A419 /* _instagramTests.swift */; };
		60DE58C71EE0826D0008A419 /* _instagramUITests.swift in Sources */ = {isa = PBXBuildFile; fileRef = 60DE58C61EE0826D0008A419 /* _instagramUITests.swift */; };
/* End PBXBuildFile section */

/* Begin PBXContainerItemProxy section */
		60DE58B81EE0826C0008A419 /* PBXContainerItemProxy */ = {
			isa = PBXContainerItemProxy;
			containerPortal = 60DE589B1EE0826C0008A419 /* Project object */;
			proxyType = 1;
			remoteGlobalIDString = 60DE58A21EE0826C0008A419;
			remoteInfo = "仿instagram";
		};
		60DE58C31EE0826D0008A419 /* PBXContainerItemProxy */ = {
			isa = PBXContainerItemProxy;
			containerPortal = 60DE589B1EE0826C0008A419 /* Project object */;
			proxyType = 1;
			remoteGlobalIDString = 60DE58A21EE0826C0008A419;
			remoteInfo = "仿instagram";
		};
/* End PBXContainerItemProxy section */

/* Begin PBXCopyFilesBuildPhase section */
		609C0ACF2CE6F657002F87C1 /* Embed Frameworks */ = {
			isa = PBXCopyFilesBuildPhase;
			buildActionMask = 2147483647;
			dstPath = "";
			dstSubfolderSpec = 10;
			files = (
			);
			name = "Embed Frameworks";
			runOnlyForDeploymentPostprocessing = 0;
		};
/* End PBXCopyFilesBuildPhase section */

/* Begin PBXFileReference section */
		60DE58A31EE0826C0008A419 /* 仿instagram.app */ = {isa = PBXFileReference; explicitFileType = wrapper.application; includeInIndex = 0; path = "仿instagram.app"; sourceTree = BUILT_PRODUCTS_DIR; };
		60DE58A61EE0826C0008A419 /* AppDelegate.swift */ = {isa = PBXFileReference; lastKnownFileType = sourcecode.swift; path = AppDelegate.swift; sourceTree = "<group>"; };
		60DE58A81EE0826C0008A419 /* ViewController.swift */ = {isa = PBXFileReference; lastKnownFileType = sourcecode.swift; path = ViewController.swift; sourceTree = "<group>"; };
		60DE58AB1EE0826C0008A419 /* Base */ = {isa = PBXFileReference; lastKnownFileType = file.storyboard; name = Base; path = Base.lproj/Main.storyboard; sourceTree = "<group>"; };
		60DE58AD1EE0826C0008A419 /* Assets.xcassets */ = {isa = PBXFileReference; lastKnownFileType = folder.assetcatalog; path = Assets.xcassets; sourceTree = "<group>"; };
		60DE58B01EE0826C0008A419 /* Base */ = {isa = PBXFileReference; lastKnownFileType = file.storyboard; name = Base; path = Base.lproj/LaunchScreen.storyboard; sourceTree = "<group>"; };
		60DE58B21EE0826C0008A419 /* Info.plist */ = {isa = PBXFileReference; lastKnownFileType = text.plist.xml; path = Info.plist; sourceTree = "<group>"; };
		60DE58B71EE0826C0008A419 /* 仿instagramTests.xctest */ = {isa = PBXFileReference; explicitFileType = wrapper.cfbundle; includeInIndex = 0; path = "仿instagramTests.xctest"; sourceTree = BUILT_PRODUCTS_DIR; };
		60DE58BB1EE0826C0008A419 /* _instagramTests.swift */ = {isa = PBXFileReference; lastKnownFileType = sourcecode.swift; path = _instagramTests.swift; sourceTree = "<group>"; };
		60DE58BD1EE0826C0008A419 /* Info.plist */ = {isa = PBXFileReference; lastKnownFileType = text.plist.xml; path = Info.plist; sourceTree = "<group>"; };
		60DE58C21EE0826D0008A419 /* 仿instagramUITests.xctest */ = {isa = PBXFileReference; explicitFileType = wrapper.cfbundle; includeInIndex = 0; path = "仿instagramUITests.xctest"; sourceTree = BUILT_PRODUCTS_DIR; };
		60DE58C61EE0826D0008A419 /* _instagramUITests.swift */ = {isa = PBXFileReference; lastKnownFileType = sourcecode.swift; path = _instagramUITests.swift; sourceTree = "<group>"; };
		60DE58C81EE0826D0008A419 /* Info.plist */ = {isa = PBXFileReference; lastKnownFileType = text.plist.xml; path = Info.plist; sourceTree = "<group>"; };
/* End PBXFileReference section */

/* Begin PBXFileSystemSynchronizedRootGroup section */
		609C0AD02CE71083002F87C1 /* Third */ = {isa = PBXFileSystemSynchronizedRootGroup; explicitFileTypes = {}; explicitFolders = (); path = Third; sourceTree = "<group>"; };
/* End PBXFileSystemSynchronizedRootGroup section */

/* Begin PBXFrameworksBuildPhase section */
		60DE58A01EE0826C0008A419 /* Frameworks */ = {
			isa = PBXFrameworksBuildPhase;
			buildActionMask = 2147483647;
			files = (
			);
			runOnlyForDeploymentPostprocessing = 0;
		};
		60DE58B41EE0826C0008A419 /* Frameworks */ = {
			isa = PBXFrameworksBuildPhase;
			buildActionMask = 2147483647;
			files = (
			);
			runOnlyForDeploymentPostprocessing = 0;
		};
		60DE58BF1EE0826D0008A419 /* Frameworks */ = {
			isa = PBXFrameworksBuildPhase;
			buildActionMask = 2147483647;
			files = (
			);
			runOnlyForDeploymentPostprocessing = 0;
		};
/* End PBXFrameworksBuildPhase section */

/* Begin PBXGroup section */
		60DE589A1EE0826C0008A419 = {
			isa = PBXGroup;
			children = (
				60DE58A51EE0826C0008A419 /* 仿instagram */,
				60DE58BA1EE0826C0008A419 /* 仿instagramTests */,
				60DE58C51EE0826D0008A419 /* 仿instagramUITests */,
				60DE58A41EE0826C0008A419 /* Products */,
			);
			sourceTree = "<group>";
		};
		60DE58A41EE0826C0008A419 /* Products */ = {
			isa = PBXGroup;
			children = (
				60DE58A31EE0826C0008A419 /* 仿instagram.app */,
				60DE58B71EE0826C0008A419 /* 仿instagramTests.xctest */,
				60DE58C21EE0826D0008A419 /* 仿instagramUITests.xctest */,
			);
			name = Products;
			sourceTree = "<group>";
		};
		60DE58A51EE0826C0008A419 /* 仿instagram */ = {
			isa = PBXGroup;
			children = (
				609C0AD02CE71083002F87C1 /* Third */,
				60DE58A61EE0826C0008A419 /* AppDelegate.swift */,
				60DE58A81EE0826C0008A419 /* ViewController.swift */,
				60DE58AA1EE0826C0008A419 /* Main.storyboard */,
				60DE58AD1EE0826C0008A419 /* Assets.xcassets */,
				60DE58AF1EE0826C0008A419 /* LaunchScreen.storyboard */,
				60DE58B21EE0826C0008A419 /* Info.plist */,
			);
			path = "仿instagram";
			sourceTree = "<group>";
		};
		60DE58BA1EE0826C0008A419 /* 仿instagramTests */ = {
			isa = PBXGroup;
			children = (
				60DE58BB1EE0826C0008A419 /* _instagramTests.swift */,
				60DE58BD1EE0826C0008A419 /* Info.plist */,
			);
			path = "仿instagramTests";
			sourceTree = "<group>";
		};
		60DE58C51EE0826D0008A419 /* 仿instagramUITests */ = {
			isa = PBXGroup;
			children = (
				60DE58C61EE0826D0008A419 /* _instagramUITests.swift */,
				60DE58C81EE0826D0008A419 /* Info.plist */,
			);
			path = "仿instagramUITests";
			sourceTree = "<group>";
		};
/* End PBXGroup section */

/* Begin PBXNativeTarget section */
		60DE58A21EE0826C0008A419 /* 仿instagram */ = {
			isa = PBXNativeTarget;
			buildConfigurationList = 60DE58CB1EE0826D0008A419 /* Build configuration list for PBXNativeTarget "仿instagram" */;
			buildPhases = (
				60DE589F1EE0826C0008A419 /* Sources */,
				60DE58A01EE0826C0008A419 /* Frameworks */,
				60DE58A11EE0826C0008A419 /* Resources */,
			);
			buildRules = (
			);
			dependencies = (
			);
			fileSystemSynchronizedGroups = (
				609C0AD02CE71083002F87C1 /* Third */,
			);
			name = "仿instagram";
			productName = "仿instagram";
			productReference = 60DE58A31EE0826C0008A419 /* 仿instagram.app */;
			productType = "com.apple.product-type.application";
		};
		60DE58B61EE0826C0008A419 /* 仿instagramTests */ = {
			isa = PBXNativeTarget;
			buildConfigurationList = 60DE58CE1EE0826D0008A419 /* Build configuration list for PBXNativeTarget "仿instagramTests" */;
			buildPhases = (
				60DE58B31EE0826C0008A419 /* Sources */,
				60DE58B41EE0826C0008A419 /* Frameworks */,
				60DE58B51EE0826C0008A419 /* Resources */,
				609C0ACF2CE6F657002F87C1 /* Embed Frameworks */,
			);
			buildRules = (
			);
			dependencies = (
				60DE58B91EE0826C0008A419 /* PBXTargetDependency */,
			);
			name = "仿instagramTests";
			productName = "仿instagramTests";
			productReference = 60DE58B71EE0826C0008A419 /* 仿instagramTests.xctest */;
			productType = "com.apple.product-type.bundle.unit-test";
		};
		60DE58C11EE0826D0008A419 /* 仿instagramUITests */ = {
			isa = PBXNativeTarget;
			buildConfigurationList = 60DE58D11EE0826D0008A419 /* Build configuration list for PBXNativeTarget "仿instagramUITests" */;
			buildPhases = (
				60DE58BE1EE0826D0008A419 /* Sources */,
				60DE58BF1EE0826D0008A419 /* Frameworks */,
				60DE58C01EE0826D0008A419 /* Resources */,
			);
			buildRules = (
			);
			dependencies = (
				60DE58C41EE0826D0008A419 /* PBXTargetDependency */,
			);
			name = "仿instagramUITests";
			productName = "仿instagramUITests";
			productReference = 60DE58C21EE0826D0008A419 /* 仿instagramUITests.xctest */;
			productType = "com.apple.product-type.bundle.ui-testing";
		};
/* End PBXNativeTarget section */

/* Begin PBXProject section */
		60DE589B1EE0826C0008A419 /* Project object */ = {
			isa = PBXProject;
			attributes = {
				LastSwiftUpdateCheck = 0830;
				LastUpgradeCheck = 0830;
				ORGANIZATIONNAME = liyu;
				TargetAttributes = {
					60DE58A21EE0826C0008A419 = {
						CreatedOnToolsVersion = 8.3;
						DevelopmentTeam = 268488M67M;
						ProvisioningStyle = Automatic;
					};
					60DE58B61EE0826C0008A419 = {
						CreatedOnToolsVersion = 8.3;
						DevelopmentTeam = 268488M67M;
						ProvisioningStyle = Automatic;
						TestTargetID = 60DE58A21EE0826C0008A419;
					};
					60DE58C11EE0826D0008A419 = {
						CreatedOnToolsVersion = 8.3;
						DevelopmentTeam = 268488M67M;
						ProvisioningStyle = Automatic;
						TestTargetID = 60DE58A21EE0826C0008A419;
					};
				};
			};
			buildConfigurationList = 60DE589E1EE0826C0008A419 /* Build configuration list for PBXProject "仿instagram" */;
			compatibilityVersion = "Xcode 3.2";
			developmentRegion = English;
			hasScannedForEncodings = 0;
			knownRegions = (
				English,
				en,
				Base,
			);
			mainGroup = 60DE589A1EE0826C0008A419;
			productRefGroup = 60DE58A41EE0826C0008A419 /* Products */;
			projectDirPath = "";
			projectRoot = "";
			targets = (
				60DE58A21EE0826C0008A419 /* 仿instagram */,
				60DE58B61EE0826C0008A419 /* 仿instagramTests */,
				60DE58C11EE0826D0008A419 /* 仿instagramUITests */,
			);
		};
/* End PBXProject section */

/* Begin PBXResourcesBuildPhase section */
		60DE58A11EE0826C0008A419 /* Resources */ = {
			isa = PBXResourcesBuildPhase;
			buildActionMask = 2147483647;
			files = (
				60DE58B11EE0826C0008A419 /* LaunchScreen.storyboard in Resources */,
				60DE58AE1EE0826C0008A419 /* Assets.xcassets in Resources */,
				60DE58AC1EE0826C0008A419 /* Main.storyboard in Resources */,
			);
			runOnlyForDeploymentPostprocessing = 0;
		};
		60DE58B51EE0826C0008A419 /* Resources */ = {
			isa = PBXResourcesBuildPhase;
			buildActionMask = 2147483647;
			files = (
			);
			runOnlyForDeploymentPostprocessing = 0;
		};
		60DE58C01EE0826D0008A419 /* Resources */ = {
			isa = PBXResourcesBuildPhase;
			buildActionMask = 2147483647;
			files = (
			);
			runOnlyForDeploymentPostprocessing = 0;
		};
/* End PBXResourcesBuildPhase section */

/* Begin PBXSourcesBuildPhase section */
		60DE589F1EE0826C0008A419 /* Sources */ = {
			isa = PBXSourcesBuildPhase;
			buildActionMask = 2147483647;
			files = (
				60DE58A91EE0826C0008A419 /* ViewController.swift in Sources */,
				60DE58A71EE0826C0008A419 /* AppDelegate.swift in Sources */,
			);
			runOnlyForDeploymentPostprocessing = 0;
		};
		60DE58B31EE0826C0008A419 /* Sources */ = {
			isa = PBXSourcesBuildPhase;
			buildActionMask = 2147483647;
			files = (
				60DE58BC1EE0826C0008A419 /* _instagramTests.swift in Sources */,
			);
			runOnlyForDeploymentPostprocessing = 0;
		};
		60DE58BE1EE0826D0008A419 /* Sources */ = {
			isa = PBXSourcesBuildPhase;
			buildActionMask = 2147483647;
			files = (
				60DE58C71EE0826D0008A419 /* _instagramUITests.swift in Sources */,
			);
			runOnlyForDeploymentPostprocessing = 0;
		};
/* End PBXSourcesBuildPhase section */

/* Begin PBXTargetDependency section */
		60DE58B91EE0826C0008A419 /* PBXTargetDependency */ = {
			isa = PBXTargetDependency;
			target = 60DE58A21EE0826C0008A419 /* 仿instagram */;
			targetProxy = 60DE58B81EE0826C0008A419 /* PBXContainerItemProxy */;
		};
		60DE58C41EE0826D0008A419 /* PBXTargetDependency */ = {
			isa = PBXTargetDependency;
			target = 60DE58A21EE0826C0008A419 /* 仿instagram */;
			targetProxy = 60DE58C31EE0826D0008A419 /* PBXContainerItemProxy */;
		};
/* End PBXTargetDependency section */

/* Begin PBXVariantGroup section */
		60DE58AA1EE0826C0008A419 /* Main.storyboard */ = {
			isa = PBXVariantGroup;
			children = (
				60DE58AB1EE0826C0008A419 /* Base */,
			);
			name = Main.storyboard;
			sourceTree = "<group>";
		};
		60DE58AF1EE0826C0008A419 /* LaunchScreen.storyboard */ = {
			isa = PBXVariantGroup;
			children = (
				60DE58B01EE0826C0008A419 /* Base */,
			);
			name = LaunchScreen.storyboard;
			sourceTree = "<group>";
		};
/* End PBXVariantGroup section */

/* Begin XCBuildConfiguration section */
		60DE58C91EE0826D0008A419 /* Debug */ = {
			isa = XCBuildConfiguration;
			buildSettings = {
				ALWAYS_SEARCH_USER_PATHS = NO;
				CLANG_ANALYZER_NONNULL = YES;
				CLANG_ANALYZER_NUMBER_OBJECT_CONVERSION = YES_AGGRESSIVE;
				CLANG_CXX_LANGUAGE_STANDARD = "gnu++0x";
				CLANG_CXX_LIBRARY = "libc++";
				CLANG_ENABLE_MODULES = YES;
				CLANG_ENABLE_OBJC_ARC = YES;
				CLANG_WARN_BOOL_CONVERSION = YES;
				CLANG_WARN_CONSTANT_CONVERSION = YES;
				CLANG_WARN_DIRECT_OBJC_ISA_USAGE = YES_ERROR;
				CLANG_WARN_DOCUMENTATION_COMMENTS = YES;
				CLANG_WARN_EMPTY_BODY = YES;
				CLANG_WARN_ENUM_CONVERSION = YES;
				CLANG_WARN_INFINITE_RECURSION = YES;
				CLANG_WARN_INT_CONVERSION = YES;
				CLANG_WARN_OBJC_ROOT_CLASS = YES_ERROR;
				CLANG_WARN_SUSPICIOUS_MOVE = YES;
				CLANG_WARN_UNREACHABLE_CODE = YES;
				CLANG_WARN__DUPLICATE_METHOD_MATCH = YES;
				"CODE_SIGN_IDENTITY[sdk=iphoneos*]" = "iPhone Developer";
				COPY_PHASE_STRIP = NO;
				DEBUG_INFORMATION_FORMAT = dwarf;
				ENABLE_STRICT_OBJC_MSGSEND = YES;
				ENABLE_TESTABILITY = YES;
				GCC_C_LANGUAGE_STANDARD = gnu99;
				GCC_DYNAMIC_NO_PIC = NO;
				GCC_NO_COMMON_BLOCKS = YES;
				GCC_OPTIMIZATION_LEVEL = 0;
				GCC_PREPROCESSOR_DEFINITIONS = (
					"DEBUG=1",
					"$(inherited)",
				);
				GCC_WARN_64_TO_32_BIT_CONVERSION = YES;
				GCC_WARN_ABOUT_RETURN_TYPE = YES_ERROR;
				GCC_WARN_UNDECLARED_SELECTOR = YES;
				GCC_WARN_UNINITIALIZED_AUTOS = YES_AGGRESSIVE;
				GCC_WARN_UNUSED_FUNCTION = YES;
				GCC_WARN_UNUSED_VARIABLE = YES;
				IPHONEOS_DEPLOYMENT_TARGET = 10.3;
				MTL_ENABLE_DEBUG_INFO = YES;
				ONLY_ACTIVE_ARCH = YES;
				SDKROOT = iphoneos;
				SWIFT_ACTIVE_COMPILATION_CONDITIONS = DEBUG;
				SWIFT_OPTIMIZATION_LEVEL = "-Onone";
			};
			name = Debug;
		};
		60DE58CA1EE0826D0008A419 /* Release */ = {
			isa = XCBuildConfiguration;
			buildSettings = {
				ALWAYS_SEARCH_USER_PATHS = NO;
				CLANG_ANALYZER_NONNULL = YES;
				CLANG_ANALYZER_NUMBER_OBJECT_CONVERSION = YES_AGGRESSIVE;
				CLANG_CXX_LANGUAGE_STANDARD = "gnu++0x";
				CLANG_CXX_LIBRARY = "libc++";
				CLANG_ENABLE_MODULES = YES;
				CLANG_ENABLE_OBJC_ARC = YES;
				CLANG_WARN_BOOL_CONVERSION = YES;
				CLANG_WARN_CONSTANT_CONVERSION = YES;
				CLANG_WARN_DIRECT_OBJC_ISA_USAGE = YES_ERROR;
				CLANG_WARN_DOCUMENTATION_COMMENTS = YES;
				CLANG_WARN_EMPTY_BODY = YES;
				CLANG_WARN_ENUM_CONVERSION = YES;
				CLANG_WARN_INFINITE_RECURSION = YES;
				CLANG_WARN_INT_CONVERSION = YES;
				CLANG_WARN_OBJC_ROOT_CLASS = YES_ERROR;
				CLANG_WARN_SUSPICIOUS_MOVE = YES;
				CLANG_WARN_UNREACHABLE_CODE = YES;
				CLANG_WARN__DUPLICATE_METHOD_MATCH = YES;
				"CODE_SIGN_IDENTITY[sdk=iphoneos*]" = "iPhone Developer";
				COPY_PHASE_STRIP = NO;
				DEBUG_INFORMATION_FORMAT = "dwarf-with-dsym";
				ENABLE_NS_ASSERTIONS = NO;
				ENABLE_STRICT_OBJC_MSGSEND = YES;
				GCC_C_LANGUAGE_STANDARD = gnu99;
				GCC_NO_COMMON_BLOCKS = YES;
				GCC_WARN_64_TO_32_BIT_CONVERSION = YES;
				GCC_WARN_ABOUT_RETURN_TYPE = YES_ERROR;
				GCC_WARN_UNDECLARED_SELECTOR = YES;
				GCC_WARN_UNINITIALIZED_AUTOS = YES_AGGRESSIVE;
				GCC_WARN_UNUSED_FUNCTION = YES;
				GCC_WARN_UNUSED_VARIABLE = YES;
				IPHONEOS_DEPLOYMENT_TARGET = 10.3;
				MTL_ENABLE_DEBUG_INFO = NO;
				SDKROOT = iphoneos;
				SWIFT_COMPILATION_MODE = wholemodule;
				SWIFT_OPTIMIZATION_LEVEL = "-O";
				VALIDATE_PRODUCT = YES;
			};
			name = Release;
		};
		60DE58CC1EE0826D0008A419 /* Debug */ = {
			isa = XCBuildConfiguration;
			buildSettings = {
				ASSETCATALOG_COMPILER_APPICON_NAME = AppIcon;
				DEVELOPMENT_TEAM = 268488M67M;
				INFOPLIST_FILE = "仿instagram/Info.plist";
				IPHONEOS_DEPLOYMENT_TARGET = 15.6;
				LD_RUNPATH_SEARCH_PATHS = (
					"$(inherited)",
					"@executable_path/Frameworks",
				);
				PRODUCT_BUNDLE_IDENTIFIER = "liyu.com.-instagram";
				PRODUCT_NAME = "$(TARGET_NAME)";
				SWIFT_VERSION = 5.0;
			};
			name = Debug;
		};
		60DE58CD1EE0826D0008A419 /* Release */ = {
			isa = XCBuildConfiguration;
			buildSettings = {
				ASSETCATALOG_COMPILER_APPICON_NAME = AppIcon;
				DEVELOPMENT_TEAM = 268488M67M;
				INFOPLIST_FILE = "仿instagram/Info.plist";
				IPHONEOS_DEPLOYMENT_TARGET = 15.6;
				LD_RUNPATH_SEARCH_PATHS = (
					"$(inherited)",
					"@executable_path/Frameworks",
				);
				PRODUCT_BUNDLE_IDENTIFIER = "liyu.com.-instagram";
				PRODUCT_NAME = "$(TARGET_NAME)";
				SWIFT_VERSION = 5.0;
			};
			name = Release;
		};
		60DE58CF1EE0826D0008A419 /* Debug */ = {
			isa = XCBuildConfiguration;
			buildSettings = {
				DEVELOPMENT_TEAM = 268488M67M;
				INFOPLIST_FILE = "仿instagramTests/Info.plist";
				IPHONEOS_DEPLOYMENT_TARGET = 15.6;
				LD_RUNPATH_SEARCH_PATHS = (
					"$(inherited)",
					"@executable_path/Frameworks",
					"@loader_path/Frameworks",
				);
				PRODUCT_BUNDLE_IDENTIFIER = "liyu.com.-instagramTests";
				PRODUCT_NAME = "$(TARGET_NAME)";
				SWIFT_VERSION = 3.0;
				TEST_HOST = "$(BUILT_PRODUCTS_DIR)/仿instagram.app/$(BUNDLE_EXECUTABLE_FOLDER_PATH)/仿instagram";
			};
			name = Debug;
		};
		60DE58D01EE0826D0008A419 /* Release */ = {
			isa = XCBuildConfiguration;
			buildSettings = {
				DEVELOPMENT_TEAM = 268488M67M;
				INFOPLIST_FILE = "仿instagramTests/Info.plist";
				IPHONEOS_DEPLOYMENT_TARGET = 15.6;
				LD_RUNPATH_SEARCH_PATHS = (
					"$(inherited)",
					"@executable_path/Frameworks",
					"@loader_path/Frameworks",
				);
				PRODUCT_BUNDLE_IDENTIFIER = "liyu.com.-instagramTests";
				PRODUCT_NAME = "$(TARGET_NAME)";
				SWIFT_VERSION = 3.0;
				TEST_HOST = "$(BUILT_PRODUCTS_DIR)/仿instagram.app/$(BUNDLE_EXECUTABLE_FOLDER_PATH)/仿instagram";
			};
			name = Release;
		};
		60DE58D21EE0826D0008A419 /* Debug */ = {
			isa = XCBuildConfiguration;
			buildSettings = {
				ALWAYS_EMBED_SWIFT_STANDARD_LIBRARIES = YES;
				DEVELOPMENT_TEAM = 268488M67M;
				INFOPLIST_FILE = "仿instagramUITests/Info.plist";
				LD_RUNPATH_SEARCH_PATHS = (
					"$(inherited)",
					"@executable_path/Frameworks",
					"@loader_path/Frameworks",
				);
				PRODUCT_BUNDLE_IDENTIFIER = "liyu.com.-instagramUITests";
				PRODUCT_NAME = "$(TARGET_NAME)";
				SWIFT_VERSION = 3.0;
				TEST_TARGET_NAME = "仿instagram";
			};
			name = Debug;
		};
		60DE58D31EE0826D0008A419 /* Release */ = {
			isa = XCBuildConfiguration;
			buildSettings = {
				ALWAYS_EMBED_SWIFT_STANDARD_LIBRARIES = YES;
				DEVELOPMENT_TEAM = 268488M67M;
				INFOPLIST_FILE = "仿instagramUITests/Info.plist";
				LD_RUNPATH_SEARCH_PATHS = (
					"$(inherited)",
					"@executable_path/Frameworks",
					"@loader_path/Frameworks",
				);
				PRODUCT_BUNDLE_IDENTIFIER = "liyu.com.-instagramUITests";
				PRODUCT_NAME = "$(TARGET_NAME)";
				SWIFT_VERSION = 3.0;
				TEST_TARGET_NAME = "仿instagram";
			};
			name = Release;
		};
/* End XCBuildConfiguration section */

/* Begin XCConfigurationList section */
		60DE589E1EE0826C0008A419 /* Build configuration list for PBXProject "仿instagram" */ = {
			isa = XCConfigurationList;
			buildConfigurations = (
				60DE58C91EE0826D0008A419 /* Debug */,
				60DE58CA1EE0826D0008A419 /* Release */,
			);
			defaultConfigurationIsVisible = 0;
			defaultConfigurationName = Release;
		};
		60DE58CB1EE0826D0008A419 /* Build configuration list for PBXNativeTarget "仿instagram" */ = {
			isa = XCConfigurationList;
			buildConfigurations = (
				60DE58CC1EE0826D0008A419 /* Debug */,
				60DE58CD1EE0826D0008A419 /* Release */,
			);
			defaultConfigurationIsVisible = 0;
			defaultConfigurationName = Release;
		};
		60DE58CE1EE0826D0008A419 /* Build configuration list for PBXNativeTarget "仿instagramTests" */ = {
			isa = XCConfigurationList;
			buildConfigurations = (
				60DE58CF1EE0826D0008A419 /* Debug */,
				60DE58D01EE0826D0008A419 /* Release */,
			);
			defaultConfigurationIsVisible = 0;
			defaultConfigurationName = Release;
		};
		60DE58D11EE0826D0008A419 /* Build configuration list for PBXNativeTarget "仿instagramUITests" */ = {
			isa = XCConfigurationList;
			buildConfigurations = (
				60DE58D21EE0826D0008A419 /* Debug */,
				60DE58D31EE0826D0008A419 /* Release */,
			);
			defaultConfigurationIsVisible = 0;
			defaultConfigurationName = Release;
		};
/* End XCConfigurationList section */
	};
	rootObject = 60DE589B1EE0826C0008A419 /* Project object */;
}
